# This file is automatically @generated by Cargo.
# It is not intended for manual editing.
[[package]]
name = "aedat"
version = "1.1.0"
dependencies = [
 "flatbuffers 0.8.2 (registry+https://github.com/rust-lang/crates.io-index)",
 "lz4 1.23.2 (registry+https://github.com/rust-lang/crates.io-index)",
 "ndarray 0.14.0 (registry+https://github.com/rust-lang/crates.io-index)",
 "numpy 0.13.0 (registry+https://github.com/rust-lang/crates.io-index)",
 "pyo3 0.13.1 (registry+https://github.com/rust-lang/crates.io-index)",
 "roxmltree 0.14.0 (registry+https://github.com/rust-lang/crates.io-index)",
 "zstd 0.6.0+zstd.1.4.8 (registry+https://github.com/rust-lang/crates.io-index)",
]

[[package]]
name = "autocfg"
version = "1.0.0"
source = "registry+https://github.com/rust-lang/crates.io-index"

[[package]]
name = "bitflags"
version = "1.2.1"
source = "registry+https://github.com/rust-lang/crates.io-index"

[[package]]
name = "cc"
version = "1.0.50"
source = "registry+https://github.com/rust-lang/crates.io-index"
dependencies = [
 "jobserver 0.1.21 (registry+https://github.com/rust-lang/crates.io-index)",
]

[[package]]
name = "cfg-if"
version = "0.1.10"
source = "registry+https://github.com/rust-lang/crates.io-index"

[[package]]
name = "cfg-if"
version = "1.0.0"
source = "registry+https://github.com/rust-lang/crates.io-index"

[[package]]
name = "ctor"
version = "0.1.12"
source = "registry+https://github.com/rust-lang/crates.io-index"
dependencies = [
 "quote 1.0.2 (registry+https://github.com/rust-lang/crates.io-index)",
 "syn 1.0.58 (registry+https://github.com/rust-lang/crates.io-index)",
]

[[package]]
name = "either"
version = "1.6.1"
source = "registry+https://github.com/rust-lang/crates.io-index"

[[package]]
name = "flatbuffers"
version = "0.8.2"
source = "registry+https://github.com/rust-lang/crates.io-index"
dependencies = [
 "bitflags 1.2.1 (registry+https://github.com/rust-lang/crates.io-index)",
 "smallvec 1.6.1 (registry+https://github.com/rust-lang/crates.io-index)",
 "thiserror 1.0.23 (registry+https://github.com/rust-lang/crates.io-index)",
]

[[package]]
name = "ghost"
version = "0.1.1"
source = "registry+https://github.com/rust-lang/crates.io-index"
dependencies = [
 "proc-macro2 1.0.24 (registry+https://github.com/rust-lang/crates.io-index)",
 "quote 1.0.2 (registry+https://github.com/rust-lang/crates.io-index)",
 "syn 1.0.58 (registry+https://github.com/rust-lang/crates.io-index)",
]

[[package]]
name = "glob"
version = "0.3.0"
source = "registry+https://github.com/rust-lang/crates.io-index"

[[package]]
name = "indoc"
version = "1.0.3"
source = "registry+https://github.com/rust-lang/crates.io-index"
dependencies = [
 "unindent 0.1.7 (registry+https://github.com/rust-lang/crates.io-index)",
]

[[package]]
name = "instant"
version = "0.1.9"
source = "registry+https://github.com/rust-lang/crates.io-index"
dependencies = [
 "cfg-if 1.0.0 (registry+https://github.com/rust-lang/crates.io-index)",
]

[[package]]
name = "inventory"
version = "0.1.5"
source = "registry+https://github.com/rust-lang/crates.io-index"
dependencies = [
 "ctor 0.1.12 (registry+https://github.com/rust-lang/crates.io-index)",
 "ghost 0.1.1 (registry+https://github.com/rust-lang/crates.io-index)",
 "inventory-impl 0.1.5 (registry+https://github.com/rust-lang/crates.io-index)",
]

[[package]]
name = "inventory-impl"
version = "0.1.5"
source = "registry+https://github.com/rust-lang/crates.io-index"
dependencies = [
 "proc-macro2 1.0.24 (registry+https://github.com/rust-lang/crates.io-index)",
 "quote 1.0.2 (registry+https://github.com/rust-lang/crates.io-index)",
 "syn 1.0.58 (registry+https://github.com/rust-lang/crates.io-index)",
]

[[package]]
name = "itertools"
version = "0.9.0"
source = "registry+https://github.com/rust-lang/crates.io-index"
dependencies = [
 "either 1.6.1 (registry+https://github.com/rust-lang/crates.io-index)",
]

[[package]]
name = "jobserver"
version = "0.1.21"
source = "registry+https://github.com/rust-lang/crates.io-index"
dependencies = [
 "libc 0.2.82 (registry+https://github.com/rust-lang/crates.io-index)",
]

[[package]]
name = "libc"
version = "0.2.82"
source = "registry+https://github.com/rust-lang/crates.io-index"

[[package]]
name = "lock_api"
version = "0.4.2"
source = "registry+https://github.com/rust-lang/crates.io-index"
dependencies = [
 "scopeguard 1.1.0 (registry+https://github.com/rust-lang/crates.io-index)",
]

[[package]]
name = "lz4"
version = "1.23.2"
source = "registry+https://github.com/rust-lang/crates.io-index"
dependencies = [
 "libc 0.2.82 (registry+https://github.com/rust-lang/crates.io-index)",
 "lz4-sys 1.9.2 (registry+https://github.com/rust-lang/crates.io-index)",
]

[[package]]
name = "lz4-sys"
version = "1.9.2"
source = "registry+https://github.com/rust-lang/crates.io-index"
dependencies = [
 "cc 1.0.50 (registry+https://github.com/rust-lang/crates.io-index)",
 "libc 0.2.82 (registry+https://github.com/rust-lang/crates.io-index)",
]

[[package]]
name = "matrixmultiply"
version = "0.2.3"
source = "registry+https://github.com/rust-lang/crates.io-index"
dependencies = [
 "rawpointer 0.2.1 (registry+https://github.com/rust-lang/crates.io-index)",
]

[[package]]
name = "ndarray"
version = "0.14.0"
source = "registry+https://github.com/rust-lang/crates.io-index"
dependencies = [
 "matrixmultiply 0.2.3 (registry+https://github.com/rust-lang/crates.io-index)",
 "num-complex 0.3.1 (registry+https://github.com/rust-lang/crates.io-index)",
 "num-integer 0.1.42 (registry+https://github.com/rust-lang/crates.io-index)",
 "num-traits 0.2.11 (registry+https://github.com/rust-lang/crates.io-index)",
 "rawpointer 0.2.1 (registry+https://github.com/rust-lang/crates.io-index)",
]

[[package]]
name = "num-complex"
version = "0.3.1"
source = "registry+https://github.com/rust-lang/crates.io-index"
dependencies = [
 "num-traits 0.2.11 (registry+https://github.com/rust-lang/crates.io-index)",
]

[[package]]
name = "num-integer"
version = "0.1.42"
source = "registry+https://github.com/rust-lang/crates.io-index"
dependencies = [
 "autocfg 1.0.0 (registry+https://github.com/rust-lang/crates.io-index)",
 "num-traits 0.2.11 (registry+https://github.com/rust-lang/crates.io-index)",
]

[[package]]
name = "num-traits"
version = "0.2.11"
source = "registry+https://github.com/rust-lang/crates.io-index"
dependencies = [
 "autocfg 1.0.0 (registry+https://github.com/rust-lang/crates.io-index)",
]

[[package]]
name = "numpy"
version = "0.13.0"
source = "registry+https://github.com/rust-lang/crates.io-index"
dependencies = [
 "cfg-if 0.1.10 (registry+https://github.com/rust-lang/crates.io-index)",
 "libc 0.2.82 (registry+https://github.com/rust-lang/crates.io-index)",
 "ndarray 0.14.0 (registry+https://github.com/rust-lang/crates.io-index)",
 "num-complex 0.3.1 (registry+https://github.com/rust-lang/crates.io-index)",
 "num-traits 0.2.11 (registry+https://github.com/rust-lang/crates.io-index)",
 "pyo3 0.13.1 (registry+https://github.com/rust-lang/crates.io-index)",
]

[[package]]
name = "parking_lot"
version = "0.11.1"
source = "registry+https://github.com/rust-lang/crates.io-index"
dependencies = [
 "instant 0.1.9 (registry+https://github.com/rust-lang/crates.io-index)",
 "lock_api 0.4.2 (registry+https://github.com/rust-lang/crates.io-index)",
 "parking_lot_core 0.8.2 (registry+https://github.com/rust-lang/crates.io-index)",
]

[[package]]
name = "parking_lot_core"
version = "0.8.2"
source = "registry+https://github.com/rust-lang/crates.io-index"
dependencies = [
 "cfg-if 1.0.0 (registry+https://github.com/rust-lang/crates.io-index)",
 "instant 0.1.9 (registry+https://github.com/rust-lang/crates.io-index)",
 "libc 0.2.82 (registry+https://github.com/rust-lang/crates.io-index)",
 "redox_syscall 0.1.57 (registry+https://github.com/rust-lang/crates.io-index)",
 "smallvec 1.6.1 (registry+https://github.com/rust-lang/crates.io-index)",
 "winapi 0.3.8 (registry+https://github.com/rust-lang/crates.io-index)",
]

[[package]]
name = "paste"
version = "1.0.4"
source = "registry+https://github.com/rust-lang/crates.io-index"

[[package]]
name = "proc-macro2"
version = "1.0.24"
source = "registry+https://github.com/rust-lang/crates.io-index"
dependencies = [
 "unicode-xid 0.2.0 (registry+https://github.com/rust-lang/crates.io-index)",
]

[[package]]
name = "pyo3"
version = "0.13.1"
source = "registry+https://github.com/rust-lang/crates.io-index"
dependencies = [
 "cfg-if 1.0.0 (registry+https://github.com/rust-lang/crates.io-index)",
 "ctor 0.1.12 (registry+https://github.com/rust-lang/crates.io-index)",
 "indoc 1.0.3 (registry+https://github.com/rust-lang/crates.io-index)",
 "inventory 0.1.5 (registry+https://github.com/rust-lang/crates.io-index)",
 "libc 0.2.82 (registry+https://github.com/rust-lang/crates.io-index)",
 "parking_lot 0.11.1 (registry+https://github.com/rust-lang/crates.io-index)",
 "paste 1.0.4 (registry+https://github.com/rust-lang/crates.io-index)",
 "pyo3-macros 0.13.1 (registry+https://github.com/rust-lang/crates.io-index)",
 "unindent 0.1.7 (registry+https://github.com/rust-lang/crates.io-index)",
]

[[package]]
name = "pyo3-macros"
version = "0.13.1"
source = "registry+https://github.com/rust-lang/crates.io-index"
dependencies = [
 "pyo3-macros-backend 0.13.1 (registry+https://github.com/rust-lang/crates.io-index)",
 "quote 1.0.2 (registry+https://github.com/rust-lang/crates.io-index)",
 "syn 1.0.58 (registry+https://github.com/rust-lang/crates.io-index)",
]

[[package]]
name = "pyo3-macros-backend"
version = "0.13.1"
source = "registry+https://github.com/rust-lang/crates.io-index"
dependencies = [
 "proc-macro2 1.0.24 (registry+https://github.com/rust-lang/crates.io-index)",
 "quote 1.0.2 (registry+https://github.com/rust-lang/crates.io-index)",
 "syn 1.0.58 (registry+https://github.com/rust-lang/crates.io-index)",
]

[[package]]
name = "quote"
version = "1.0.2"
source = "registry+https://github.com/rust-lang/crates.io-index"
dependencies = [
 "proc-macro2 1.0.24 (registry+https://github.com/rust-lang/crates.io-index)",
]

[[package]]
name = "rawpointer"
version = "0.2.1"
source = "registry+https://github.com/rust-lang/crates.io-index"

[[package]]
name = "redox_syscall"
version = "0.1.57"
source = "registry+https://github.com/rust-lang/crates.io-index"

[[package]]
name = "roxmltree"
version = "0.14.0"
source = "registry+https://github.com/rust-lang/crates.io-index"
dependencies = [
 "xmlparser 0.13.3 (registry+https://github.com/rust-lang/crates.io-index)",
]

[[package]]
name = "scopeguard"
version = "1.1.0"
source = "registry+https://github.com/rust-lang/crates.io-index"

[[package]]
name = "smallvec"
version = "1.6.1"
source = "registry+https://github.com/rust-lang/crates.io-index"

[[package]]
name = "syn"
version = "1.0.58"
source = "registry+https://github.com/rust-lang/crates.io-index"
dependencies = [
 "proc-macro2 1.0.24 (registry+https://github.com/rust-lang/crates.io-index)",
 "quote 1.0.2 (registry+https://github.com/rust-lang/crates.io-index)",
 "unicode-xid 0.2.0 (registry+https://github.com/rust-lang/crates.io-index)",
]

[[package]]
name = "thiserror"
version = "1.0.23"
source = "registry+https://github.com/rust-lang/crates.io-index"
dependencies = [
 "thiserror-impl 1.0.23 (registry+https://github.com/rust-lang/crates.io-index)",
]

[[package]]
name = "thiserror-impl"
version = "1.0.23"
source = "registry+https://github.com/rust-lang/crates.io-index"
dependencies = [
 "proc-macro2 1.0.24 (registry+https://github.com/rust-lang/crates.io-index)",
 "quote 1.0.2 (registry+https://github.com/rust-lang/crates.io-index)",
 "syn 1.0.58 (registry+https://github.com/rust-lang/crates.io-index)",
]

[[package]]
name = "unicode-xid"
version = "0.2.0"
source = "registry+https://github.com/rust-lang/crates.io-index"

[[package]]
name = "unindent"
version = "0.1.7"
source = "registry+https://github.com/rust-lang/crates.io-index"

[[package]]
name = "winapi"
version = "0.3.8"
source = "registry+https://github.com/rust-lang/crates.io-index"
dependencies = [
 "winapi-i686-pc-windows-gnu 0.4.0 (registry+https://github.com/rust-lang/crates.io-index)",
 "winapi-x86_64-pc-windows-gnu 0.4.0 (registry+https://github.com/rust-lang/crates.io-index)",
]

[[package]]
name = "winapi-i686-pc-windows-gnu"
version = "0.4.0"
source = "registry+https://github.com/rust-lang/crates.io-index"

[[package]]
name = "winapi-x86_64-pc-windows-gnu"
version = "0.4.0"
source = "registry+https://github.com/rust-lang/crates.io-index"

[[package]]
name = "xmlparser"
version = "0.13.3"
source = "registry+https://github.com/rust-lang/crates.io-index"

[[package]]
name = "zstd"
version = "0.6.0+zstd.1.4.8"
source = "registry+https://github.com/rust-lang/crates.io-index"
dependencies = [
 "zstd-safe 3.0.0+zstd.1.4.8 (registry+https://github.com/rust-lang/crates.io-index)",
]

[[package]]
name = "zstd-safe"
version = "3.0.0+zstd.1.4.8"
source = "registry+https://github.com/rust-lang/crates.io-index"
dependencies = [
 "libc 0.2.82 (registry+https://github.com/rust-lang/crates.io-index)",
 "zstd-sys 1.4.19+zstd.1.4.8 (registry+https://github.com/rust-lang/crates.io-index)",
]

[[package]]
name = "zstd-sys"
version = "1.4.19+zstd.1.4.8"
source = "registry+https://github.com/rust-lang/crates.io-index"
dependencies = [
 "cc 1.0.50 (registry+https://github.com/rust-lang/crates.io-index)",
 "glob 0.3.0 (registry+https://github.com/rust-lang/crates.io-index)",
 "itertools 0.9.0 (registry+https://github.com/rust-lang/crates.io-index)",
 "libc 0.2.82 (registry+https://github.com/rust-lang/crates.io-index)",
]

[metadata]
"checksum autocfg 1.0.0 (registry+https://github.com/rust-lang/crates.io-index)" = "f8aac770f1885fd7e387acedd76065302551364496e46b3dd00860b2f8359b9d"
"checksum bitflags 1.2.1 (registry+https://github.com/rust-lang/crates.io-index)" = "cf1de2fe8c75bc145a2f577add951f8134889b4795d47466a54a5c846d691693"
"checksum cc 1.0.50 (registry+https://github.com/rust-lang/crates.io-index)" = "95e28fa049fda1c330bcf9d723be7663a899c4679724b34c81e9f5a326aab8cd"
"checksum cfg-if 0.1.10 (registry+https://github.com/rust-lang/crates.io-index)" = "4785bdd1c96b2a846b2bd7cc02e86b6b3dbf14e7e53446c4f54c92a361040822"
"checksum cfg-if 1.0.0 (registry+https://github.com/rust-lang/crates.io-index)" = "baf1de4339761588bc0619e3cbc0120ee582ebb74b53b4efbf79117bd2da40fd"
"checksum ctor 0.1.12 (registry+https://github.com/rust-lang/crates.io-index)" = "cd8ce37ad4184ab2ce004c33bf6379185d3b1c95801cab51026bd271bf68eedc"
"checksum either 1.6.1 (registry+https://github.com/rust-lang/crates.io-index)" = "e78d4f1cc4ae33bbfc157ed5d5a5ef3bc29227303d595861deb238fcec4e9457"
"checksum flatbuffers 0.8.2 (registry+https://github.com/rust-lang/crates.io-index)" = "eb62c3be460921b3073057e5b2b08ae1682077b84ac6b341f70840693ae51c21"
"checksum ghost 0.1.1 (registry+https://github.com/rust-lang/crates.io-index)" = "2a36606a68532b5640dc86bb1f33c64b45c4682aad4c50f3937b317ea387f3d6"
"checksum glob 0.3.0 (registry+https://github.com/rust-lang/crates.io-index)" = "9b919933a397b79c37e33b77bb2aa3dc8eb6e165ad809e58ff75bc7db2e34574"
"checksum indoc 1.0.3 (registry+https://github.com/rust-lang/crates.io-index)" = "e5a75aeaaef0ce18b58056d306c27b07436fbb34b8816c53094b76dd81803136"
"checksum instant 0.1.9 (registry+https://github.com/rust-lang/crates.io-index)" = "61124eeebbd69b8190558df225adf7e4caafce0d743919e5d6b19652314ec5ec"
"checksum inventory 0.1.5 (registry+https://github.com/rust-lang/crates.io-index)" = "2bf98296081bd2cb540acc09ef9c97f22b7e487841520350293605db1b2c7a27"
"checksum inventory-impl 0.1.5 (registry+https://github.com/rust-lang/crates.io-index)" = "0a8e30575afe28eea36a9a39136b70b2fb6b0dd0a212a5bd1f30a498395c0274"
"checksum itertools 0.9.0 (registry+https://github.com/rust-lang/crates.io-index)" = "284f18f85651fe11e8a991b2adb42cb078325c996ed026d994719efcfca1d54b"
"checksum jobserver 0.1.21 (registry+https://github.com/rust-lang/crates.io-index)" = "5c71313ebb9439f74b00d9d2dcec36440beaf57a6aa0623068441dd7cd81a7f2"
"checksum libc 0.2.82 (registry+https://github.com/rust-lang/crates.io-index)" = "89203f3fba0a3795506acaad8ebce3c80c0af93f994d5a1d7a0b1eeb23271929"
"checksum lock_api 0.4.2 (registry+https://github.com/rust-lang/crates.io-index)" = "dd96ffd135b2fd7b973ac026d28085defbe8983df057ced3eb4f2130b0831312"
"checksum lz4 1.23.2 (registry+https://github.com/rust-lang/crates.io-index)" = "aac20ed6991e01bf6a2e68cc73df2b389707403662a8ba89f68511fb340f724c"
"checksum lz4-sys 1.9.2 (registry+https://github.com/rust-lang/crates.io-index)" = "dca79aa95d8b3226213ad454d328369853be3a1382d89532a854f4d69640acae"
"checksum matrixmultiply 0.2.3 (registry+https://github.com/rust-lang/crates.io-index)" = "d4f7ec66360130972f34830bfad9ef05c6610a43938a467bcc9ab9369ab3478f"
"checksum ndarray 0.14.0 (registry+https://github.com/rust-lang/crates.io-index)" = "6c0d5c9540a691d153064dc47a4db2504587a75eae07bf1d73f7a596ebc73c04"
"checksum num-complex 0.3.1 (registry+https://github.com/rust-lang/crates.io-index)" = "747d632c0c558b87dbabbe6a82f3b4ae03720d0646ac5b7b4dae89394be5f2c5"
"checksum num-integer 0.1.42 (registry+https://github.com/rust-lang/crates.io-index)" = "3f6ea62e9d81a77cd3ee9a2a5b9b609447857f3d358704331e4ef39eb247fcba"
"checksum num-traits 0.2.11 (registry+https://github.com/rust-lang/crates.io-index)" = "c62be47e61d1842b9170f0fdeec8eba98e60e90e5446449a0545e5152acd7096"
"checksum numpy 0.13.0 (registry+https://github.com/rust-lang/crates.io-index)" = "7f65308af05bc6952d28e2d51c730dedf6e16d48699795cb7c33d6a9db59f850"
"checksum parking_lot 0.11.1 (registry+https://github.com/rust-lang/crates.io-index)" = "6d7744ac029df22dca6284efe4e898991d28e3085c706c972bcd7da4a27a15eb"
"checksum parking_lot_core 0.8.2 (registry+https://github.com/rust-lang/crates.io-index)" = "9ccb628cad4f84851442432c60ad8e1f607e29752d0bf072cbd0baf28aa34272"
"checksum paste 1.0.4 (registry+https://github.com/rust-lang/crates.io-index)" = "c5d65c4d95931acda4498f675e332fcbdc9a06705cd07086c510e9b6009cd1c1"
"checksum proc-macro2 1.0.24 (registry+https://github.com/rust-lang/crates.io-index)" = "1e0704ee1a7e00d7bb417d0770ea303c1bccbabf0ef1667dae92b5967f5f8a71"
"checksum pyo3 0.13.1 (registry+https://github.com/rust-lang/crates.io-index)" = "00ca634cf3acd58a599b535ed6cb188223298977d471d146121792bfa23b754c"
"checksum pyo3-macros 0.13.1 (registry+https://github.com/rust-lang/crates.io-index)" = "483ac516dbda6789a5b4be0271e7a31b9ad4ec8c0a5955050e8076f72bdbef8f"
"checksum pyo3-macros-backend 0.13.1 (registry+https://github.com/rust-lang/crates.io-index)" = "15230cabcda008f03565ed8bac40f094cbb5ee1b46e6551f1ec3a0e922cf7df9"
"checksum quote 1.0.2 (registry+https://github.com/rust-lang/crates.io-index)" = "053a8c8bcc71fcce321828dc897a98ab9760bef03a4fc36693c231e5b3216cfe"
"checksum rawpointer 0.2.1 (registry+https://github.com/rust-lang/crates.io-index)" = "60a357793950651c4ed0f3f52338f53b2f809f32d83a07f72909fa13e4c6c1e3"
"checksum redox_syscall 0.1.57 (registry+https://github.com/rust-lang/crates.io-index)" = "41cc0f7e4d5d4544e8861606a285bb08d3e70712ccc7d2b84d7c0ccfaf4b05ce"
"checksum roxmltree 0.14.0 (registry+https://github.com/rust-lang/crates.io-index)" = "bf58a7d05b28e14b1e8902fa04c4d5d6109f5450ef71a5e6597f66e53f541504"
"checksum scopeguard 1.1.0 (registry+https://github.com/rust-lang/crates.io-index)" = "d29ab0c6d3fc0ee92fe66e2d99f700eab17a8d57d1c1d3b748380fb20baa78cd"
"checksum smallvec 1.6.1 (registry+https://github.com/rust-lang/crates.io-index)" = "fe0f37c9e8f3c5a4a66ad655a93c74daac4ad00c441533bf5c6e7990bb42604e"
"checksum syn 1.0.58 (registry+https://github.com/rust-lang/crates.io-index)" = "cc60a3d73ea6594cd712d830cc1f0390fd71542d8c8cd24e70cc54cdfd5e05d5"
"checksum thiserror 1.0.23 (registry+https://github.com/rust-lang/crates.io-index)" = "76cc616c6abf8c8928e2fdcc0dbfab37175edd8fb49a4641066ad1364fdab146"
"checksum thiserror-impl 1.0.23 (registry+https://github.com/rust-lang/crates.io-index)" = "9be73a2caec27583d0046ef3796c3794f868a5bc813db689eed00c7631275cd1"
"checksum unicode-xid 0.2.0 (registry+https://github.com/rust-lang/crates.io-index)" = "826e7639553986605ec5979c7dd957c7895e93eabed50ab2ffa7f6128a75097c"
"checksum unindent 0.1.7 (registry+https://github.com/rust-lang/crates.io-index)" = "f14ee04d9415b52b3aeab06258a3f07093182b88ba0f9b8d203f211a7a7d41c7"
"checksum winapi 0.3.8 (registry+https://github.com/rust-lang/crates.io-index)" = "8093091eeb260906a183e6ae1abdba2ef5ef2257a21801128899c3fc699229c6"
"checksum winapi-i686-pc-windows-gnu 0.4.0 (registry+https://github.com/rust-lang/crates.io-index)" = "ac3b87c63620426dd9b991e5ce0329eff545bccbbb34f3be09ff6fb6ab51b7b6"
"checksum winapi-x86_64-pc-windows-gnu 0.4.0 (registry+https://github.com/rust-lang/crates.io-index)" = "712e227841d057c1ee1cd2fb22fa7e5a5461ae8e48fa2ca79ec42cfc1931183f"
"checksum xmlparser 0.13.3 (registry+https://github.com/rust-lang/crates.io-index)" = "114ba2b24d2167ef6d67d7d04c8cc86522b87f490025f39f0303b7db5bf5e3d8"
"checksum zstd 0.6.0+zstd.1.4.8 (registry+https://github.com/rust-lang/crates.io-index)" = "d4e44664feba7f2f1a9f300c1f6157f2d1bfc3c15c6f3cf4beabf3f5abe9c237"
"checksum zstd-safe 3.0.0+zstd.1.4.8 (registry+https://github.com/rust-lang/crates.io-index)" = "d9447afcd795693ad59918c7bbffe42fdd6e467d708f3537e3dc14dc598c573f"
"checksum zstd-sys 1.4.19+zstd.1.4.8 (registry+https://github.com/rust-lang/crates.io-index)" = "ec24a9273d24437afb8e71b16f3d9a5d569193cccdb7896213b59f552f387674"
